// !$*UTF8*$!
{
	archiveVersion = 1;
	classes = {
	};
	objectVersion = 77;
	objects = {

/* Begin PBXBuildFile section */
		C2EEB4932D4C046700696DD7 /* AppDelegate.swift in Sources */ = {isa = PBXBuildFile; fileRef = C2EEB48B2D4C046700696DD7 /* AppDelegate.swift */; };
		C2EEB4942D4C046700696DD7 /* SceneDelegate.swift in Sources */ = {isa = PBXBuildFile; fileRef = C2EEB4902D4C046700696DD7 /* SceneDelegate.swift */; };
		C2EEB4952D4C046700696DD7 /* NewsListViewController.swift in Sources */ = {isa = PBXBuildFile; fileRef = C2EEB4912D4C046700696DD7 /* NewsListViewController.swift */; };
		C2EEB4962D4C046700696DD7 /* Assets.xcassets in Resources */ = {isa = PBXBuildFile; fileRef = C2EEB48C2D4C046700696DD7 /* Assets.xcassets */; };
		C2EEB4982D4C046700696DD7 /* LaunchScreen.storyboard in Resources */ = {isa = PBXBuildFile; fileRef = C2EEB48F2D4C046700696DD7 /* LaunchScreen.storyboard */; };
		C2EEB49C2D4C04E000696DD7 /* NewsListRouter.swift in Sources */ = {isa = PBXBuildFile; fileRef = C2EEB49B2D4C04D400696DD7 /* NewsListRouter.swift */; };
/* End PBXBuildFile section */

/* Begin PBXContainerItemProxy section */
		C2EEB4582D4C039000696DD7 /* PBXContainerItemProxy */ = {
			isa = PBXContainerItemProxy;
			containerPortal = C2EEB4392D4C038B00696DD7 /* Project object */;
			proxyType = 1;
			remoteGlobalIDString = C2EEB4402D4C038C00696DD7;
			remoteInfo = Buzz;
		};
		C2EEB4622D4C039000696DD7 /* PBXContainerItemProxy */ = {
			isa = PBXContainerItemProxy;
			containerPortal = C2EEB4392D4C038B00696DD7 /* Project object */;
			proxyType = 1;
			remoteGlobalIDString = C2EEB4402D4C038C00696DD7;
			remoteInfo = Buzz;
		};
/* End PBXContainerItemProxy section */

/* Begin PBXFileReference section */
		C2EEB4412D4C038C00696DD7 /* Buzz.app */ = {isa = PBXFileReference; explicitFileType = wrapper.application; includeInIndex = 0; path = Buzz.app; sourceTree = BUILT_PRODUCTS_DIR; };
		C2EEB4572D4C039000696DD7 /* BuzzTests.xctest */ = {isa = PBXFileReference; explicitFileType = wrapper.cfbundle; includeInIndex = 0; path = BuzzTests.xctest; sourceTree = BUILT_PRODUCTS_DIR; };
		C2EEB4612D4C039000696DD7 /* BuzzUITests.xctest */ = {isa = PBXFileReference; explicitFileType = wrapper.cfbundle; includeInIndex = 0; path = BuzzUITests.xctest; sourceTree = BUILT_PRODUCTS_DIR; };
		C2EEB48B2D4C046700696DD7 /* AppDelegate.swift */ = {isa = PBXFileReference; lastKnownFileType = sourcecode.swift; path = AppDelegate.swift; sourceTree = "<group>"; };
		C2EEB48C2D4C046700696DD7 /* Assets.xcassets */ = {isa = PBXFileReference; lastKnownFileType = folder.assetcatalog; path = Assets.xcassets; sourceTree = "<group>"; };
		C2EEB48D2D4C046700696DD7 /* Info.plist */ = {isa = PBXFileReference; lastKnownFileType = text.plist.xml; path = Info.plist; sourceTree = "<group>"; };
		C2EEB48E2D4C046700696DD7 /* Base */ = {isa = PBXFileReference; lastKnownFileType = file.storyboard; name = Base; path = Base.lproj/LaunchScreen.storyboard; sourceTree = "<group>"; };
		C2EEB4902D4C046700696DD7 /* SceneDelegate.swift */ = {isa = PBXFileReference; lastKnownFileType = sourcecode.swift; path = SceneDelegate.swift; sourceTree = "<group>"; };
		C2EEB4912D4C046700696DD7 /* NewsListViewController.swift */ = {isa = PBXFileReference; lastKnownFileType = sourcecode.swift; path = NewsListViewController.swift; sourceTree = "<group>"; };
		C2EEB49B2D4C04D400696DD7 /* NewsListRouter.swift */ = {isa = PBXFileReference; lastKnownFileType = sourcecode.swift; path = NewsListRouter.swift; sourceTree = "<group>"; };
/* End PBXFileReference section */

/* Begin PBXFileSystemSynchronizedRootGroup section */
		C2EEB45A2D4C039000696DD7 /* BuzzTests */ = {
			isa = PBXFileSystemSynchronizedRootGroup;
			path = BuzzTests;
			sourceTree = "<group>";
		};
		C2EEB4642D4C039000696DD7 /* BuzzUITests */ = {
			isa = PBXFileSystemSynchronizedRootGroup;
			path = BuzzUITests;
			sourceTree = "<group>";
		};
/* End PBXFileSystemSynchronizedRootGroup section */

/* Begin PBXFrameworksBuildPhase section */
		C2EEB43E2D4C038C00696DD7 /* Frameworks */ = {
			isa = PBXFrameworksBuildPhase;
			buildActionMask = 2147483647;
			files = (
			);
			runOnlyForDeploymentPostprocessing = 0;
		};
		C2EEB4542D4C039000696DD7 /* Frameworks */ = {
			isa = PBXFrameworksBuildPhase;
			buildActionMask = 2147483647;
			files = (
			);
			runOnlyForDeploymentPostprocessing = 0;
		};
		C2EEB45E2D4C039000696DD7 /* Frameworks */ = {
			isa = PBXFrameworksBuildPhase;
			buildActionMask = 2147483647;
			files = (
			);
			runOnlyForDeploymentPostprocessing = 0;
		};
/* End PBXFrameworksBuildPhase section */

/* Begin PBXGroup section */
		C2EEB4382D4C038B00696DD7 = {
			isa = PBXGroup;
			children = (
				C2EEB4922D4C046700696DD7 /* Buzz */,
				C2EEB45A2D4C039000696DD7 /* BuzzTests */,
				C2EEB4642D4C039000696DD7 /* BuzzUITests */,
				C2EEB4422D4C038C00696DD7 /* Products */,
			);
			sourceTree = "<group>";
		};
		C2EEB4422D4C038C00696DD7 /* Products */ = {
			isa = PBXGroup;
			children = (
				C2EEB4412D4C038C00696DD7 /* Buzz.app */,
				C2EEB4572D4C039000696DD7 /* BuzzTests.xctest */,
				C2EEB4612D4C039000696DD7 /* BuzzUITests.xctest */,
			);
			name = Products;
			sourceTree = "<group>";
		};
		C2EEB4922D4C046700696DD7 /* Buzz */ = {
			isa = PBXGroup;
			children = (
				C2EEB4992D4C046900696DD7 /* Scenes */,
				C2EEB48B2D4C046700696DD7 /* AppDelegate.swift */,
				C2EEB48C2D4C046700696DD7 /* Assets.xcassets */,
				C2EEB48D2D4C046700696DD7 /* Info.plist */,
				C2EEB48F2D4C046700696DD7 /* LaunchScreen.storyboard */,
				C2EEB4902D4C046700696DD7 /* SceneDelegate.swift */,
			);
			path = Buzz;
			sourceTree = "<group>";
		};
		C2EEB4992D4C046900696DD7 /* Scenes */ = {
			isa = PBXGroup;
			children = (
				C2EEB49A2D4C048000696DD7 /* NewsList */,
			);
			path = Scenes;
			sourceTree = "<group>";
		};
		C2EEB49A2D4C048000696DD7 /* NewsList */ = {
			isa = PBXGroup;
			children = (
				C2EEB49B2D4C04D400696DD7 /* NewsListRouter.swift */,
				C2EEB4912D4C046700696DD7 /* NewsListViewController.swift */,
			);
			path = NewsList;
			sourceTree = "<group>";
		};
/* End PBXGroup section */

/* Begin PBXNativeTarget section */
		C2EEB4402D4C038C00696DD7 /* Buzz */ = {
			isa = PBXNativeTarget;
			buildConfigurationList = C2EEB46A2D4C039000696DD7 /* Build configuration list for PBXNativeTarget "Buzz" */;
			buildPhases = (
				C2EEB43D2D4C038C00696DD7 /* Sources */,
				C2EEB43E2D4C038C00696DD7 /* Frameworks */,
				C2EEB43F2D4C038C00696DD7 /* Resources */,
			);
			buildRules = (
			);
			dependencies = (
			);
			name = Buzz;
			packageProductDependencies = (
			);
			productName = Buzz;
			productReference = C2EEB4412D4C038C00696DD7 /* Buzz.app */;
			productType = "com.apple.product-type.application";
		};
		C2EEB4562D4C039000696DD7 /* BuzzTests */ = {
			isa = PBXNativeTarget;
			buildConfigurationList = C2EEB46F2D4C039000696DD7 /* Build configuration list for PBXNativeTarget "BuzzTests" */;
			buildPhases = (
				C2EEB4532D4C039000696DD7 /* Sources */,
				C2EEB4542D4C039000696DD7 /* Frameworks */,
				C2EEB4552D4C039000696DD7 /* Resources */,
			);
			buildRules = (
			);
			dependencies = (
				C2EEB4592D4C039000696DD7 /* PBXTargetDependency */,
			);
			fileSystemSynchronizedGroups = (
				C2EEB45A2D4C039000696DD7 /* BuzzTests */,
			);
			name = BuzzTests;
			packageProductDependencies = (
			);
			productName = BuzzTests;
			productReference = C2EEB4572D4C039000696DD7 /* BuzzTests.xctest */;
			productType = "com.apple.product-type.bundle.unit-test";
		};
		C2EEB4602D4C039000696DD7 /* BuzzUITests */ = {
			isa = PBXNativeTarget;
			buildConfigurationList = C2EEB4722D4C039000696DD7 /* Build configuration list for PBXNativeTarget "BuzzUITests" */;
			buildPhases = (
				C2EEB45D2D4C039000696DD7 /* Sources */,
				C2EEB45E2D4C039000696DD7 /* Frameworks */,
				C2EEB45F2D4C039000696DD7 /* Resources */,
			);
			buildRules = (
			);
			dependencies = (
				C2EEB4632D4C039000696DD7 /* PBXTargetDependency */,
			);
			fileSystemSynchronizedGroups = (
				C2EEB4642D4C039000696DD7 /* BuzzUITests */,
			);
			name = BuzzUITests;
			packageProductDependencies = (
			);
			productName = BuzzUITests;
			productReference = C2EEB4612D4C039000696DD7 /* BuzzUITests.xctest */;
			productType = "com.apple.product-type.bundle.ui-testing";
		};
/* End PBXNativeTarget section */

/* Begin PBXProject section */
		C2EEB4392D4C038B00696DD7 /* Project object */ = {
			isa = PBXProject;
			attributes = {
				BuildIndependentTargetsInParallel = 1;
				LastSwiftUpdateCheck = 1620;
				LastUpgradeCheck = 1620;
				TargetAttributes = {
					C2EEB4402D4C038C00696DD7 = {
						CreatedOnToolsVersion = 16.2;
					};
					C2EEB4562D4C039000696DD7 = {
						CreatedOnToolsVersion = 16.2;
						TestTargetID = C2EEB4402D4C038C00696DD7;
					};
					C2EEB4602D4C039000696DD7 = {
						CreatedOnToolsVersion = 16.2;
						TestTargetID = C2EEB4402D4C038C00696DD7;
					};
				};
			};
			buildConfigurationList = C2EEB43C2D4C038B00696DD7 /* Build configuration list for PBXProject "Buzz" */;
			developmentRegion = en;
			hasScannedForEncodings = 0;
			knownRegions = (
				en,
				Base,
			);
			mainGroup = C2EEB4382D4C038B00696DD7;
			minimizedProjectReferenceProxies = 1;
			preferredProjectObjectVersion = 77;
			productRefGroup = C2EEB4422D4C038C00696DD7 /* Products */;
			projectDirPath = "";
			projectRoot = "";
			targets = (
				C2EEB4402D4C038C00696DD7 /* Buzz */,
				C2EEB4562D4C039000696DD7 /* BuzzTests */,
				C2EEB4602D4C039000696DD7 /* BuzzUITests */,
			);
		};
/* End PBXProject section */

/* Begin PBXResourcesBuildPhase section */
		C2EEB43F2D4C038C00696DD7 /* Resources */ = {
			isa = PBXResourcesBuildPhase;
			buildActionMask = 2147483647;
			files = (
				C2EEB4962D4C046700696DD7 /* Assets.xcassets in Resources */,
				C2EEB4982D4C046700696DD7 /* LaunchScreen.storyboard in Resources */,
			);
			runOnlyForDeploymentPostprocessing = 0;
		};
		C2EEB4552D4C039000696DD7 /* Resources */ = {
			isa = PBXResourcesBuildPhase;
			buildActionMask = 2147483647;
			files = (
			);
			runOnlyForDeploymentPostprocessing = 0;
		};
		C2EEB45F2D4C039000696DD7 /* Resources */ = {
			isa = PBXResourcesBuildPhase;
			buildActionMask = 2147483647;
			files = (
			);
			runOnlyForDeploymentPostprocessing = 0;
		};
/* End PBXResourcesBuildPhase section */

/* Begin PBXSourcesBuildPhase section */
		C2EEB43D2D4C038C00696DD7 /* Sources */ = {
			isa = PBXSourcesBuildPhase;
			buildActionMask = 2147483647;
			files = (
				C2EEB4932D4C046700696DD7 /* AppDelegate.swift in Sources */,
				C2EEB49C2D4C04E000696DD7 /* NewsListRouter.swift in Sources */,
				C2EEB4942D4C046700696DD7 /* SceneDelegate.swift in Sources */,
				C2EEB4952D4C046700696DD7 /* NewsListViewController.swift in Sources */,
			);
			runOnlyForDeploymentPostprocessing = 0;
		};
		C2EEB4532D4C039000696DD7 /* Sources */ = {
			isa = PBXSourcesBuildPhase;
			buildActionMask = 2147483647;
			files = (
			);
			runOnlyForDeploymentPostprocessing = 0;
		};
		C2EEB45D2D4C039000696DD7 /* Sources */ = {
			isa = PBXSourcesBuildPhase;
			buildActionMask = 2147483647;
			files = (
			);
			runOnlyForDeploymentPostprocessing = 0;
		};
/* End PBXSourcesBuildPhase section */

/* Begin PBXTargetDependency section */
		C2EEB4592D4C039000696DD7 /* PBXTargetDependency */ = {
			isa = PBXTargetDependency;
			target = C2EEB4402D4C038C00696DD7 /* Buzz */;
			targetProxy = C2EEB4582D4C039000696DD7 /* PBXContainerItemProxy */;
		};
		C2EEB4632D4C039000696DD7 /* PBXTargetDependency */ = {
			isa = PBXTargetDependency;
			target = C2EEB4402D4C038C00696DD7 /* Buzz */;
			targetProxy = C2EEB4622D4C039000696DD7 /* PBXContainerItemProxy */;
		};
/* End PBXTargetDependency section */

/* Begin PBXVariantGroup section */
		C2EEB48F2D4C046700696DD7 /* LaunchScreen.storyboard */ = {
			isa = PBXVariantGroup;
			children = (
				C2EEB48E2D4C046700696DD7 /* Base */,
			);
			name = LaunchScreen.storyboard;
			sourceTree = "<group>";
		};
/* End PBXVariantGroup section */

/* Begin XCBuildConfiguration section */
		C2EEB46B2D4C039000696DD7 /* Debug */ = {
			isa = XCBuildConfiguration;
			buildSettings = {
				ASSETCATALOG_COMPILER_APPICON_NAME = AppIcon;
				ASSETCATALOG_COMPILER_GLOBAL_ACCENT_COLOR_NAME = AccentColor;
				CODE_SIGN_STYLE = Automatic;
				CURRENT_PROJECT_VERSION = 1;
				GENERATE_INFOPLIST_FILE = YES;
				INFOPLIST_FILE = Buzz/Info.plist;
				INFOPLIST_KEY_UIApplicationSupportsIndirectInputEvents = YES;
				INFOPLIST_KEY_UILaunchStoryboardName = LaunchScreen;
				INFOPLIST_KEY_UISupportedInterfaceOrientations_iPad = "UIInterfaceOrientationPortrait UIInterfaceOrientationPortraitUpsideDown UIInterfaceOrientationLandscapeLeft UIInterfaceOrientationLandscapeRight";
				INFOPLIST_KEY_UISupportedInterfaceOrientations_iPhone = "UIInterfaceOrientationPortrait UIInterfaceOrientationLandscapeLeft UIInterfaceOrientationLandscapeRight";
				LD_RUNPATH_SEARCH_PATHS = (
					"$(inherited)",
					"@executable_path/Frameworks",
				);
				MARKETING_VERSION = 1.0;
				PRODUCT_BUNDLE_IDENTIFIER = br.com.sthaynny.Buzz;
				PRODUCT_NAME = "$(TARGET_NAME)";
				SWIFT_EMIT_LOC_STRINGS = YES;
				SWIFT_VERSION = 5.0;
				TARGETED_DEVICE_FAMILY = "1,2";
			};
			name = Debug;
		};
		C2EEB46C2D4C039000696DD7 /* Release */ = {
			isa = XCBuildConfiguration;
			buildSettings = {
				ASSETCATALOG_COMPILER_APPICON_NAME = AppIcon;
				ASSETCATALOG_COMPILER_GLOBAL_ACCENT_COLOR_NAME = AccentColor;
				CODE_SIGN_STYLE = Automatic;
				CURRENT_PROJECT_VERSION = 1;
				GENERATE_INFOPLIST_FILE = YES;
				INFOPLIST_FILE = Buzz/Info.plist;
				INFOPLIST_KEY_UIApplicationSupportsIndirectInputEvents = YES;
				INFOPLIST_KEY_UILaunchStoryboardName = LaunchScreen;
				INFOPLIST_KEY_UISupportedInterfaceOrientations_iPad = "UIInterfaceOrientationPortrait UIInterfaceOrientationPortraitUpsideDown UIInterfaceOrientationLandscapeLeft UIInterfaceOrientationLandscapeRight";
				INFOPLIST_KEY_UISupportedInterfaceOrientations_iPhone = "UIInterfaceOrientationPortrait UIInterfaceOrientationLandscapeLeft UIInterfaceOrientationLandscapeRight";
				LD_RUNPATH_SEARCH_PATHS = (
					"$(inherited)",
					"@executable_path/Frameworks",
				);
				MARKETING_VERSION = 1.0;
				PRODUCT_BUNDLE_IDENTIFIER = br.com.sthaynny.Buzz;
				PRODUCT_NAME = "$(TARGET_NAME)";
				SWIFT_EMIT_LOC_STRINGS = YES;
				SWIFT_VERSION = 5.0;
				TARGETED_DEVICE_FAMILY = "1,2";
			};
			name = Release;
		};
		C2EEB46D2D4C039000696DD7 /* Debug */ = {
			isa = XCBuildConfiguration;
			buildSettings = {
				ALWAYS_SEARCH_USER_PATHS = NO;
				ASSETCATALOG_COMPILER_GENERATE_SWIFT_ASSET_SYMBOL_EXTENSIONS = YES;
				CLANG_ANALYZER_NONNULL = YES;
				CLANG_ANALYZER_NUMBER_OBJECT_CONVERSION = YES_AGGRESSIVE;
				CLANG_CXX_LANGUAGE_STANDARD = "gnu++20";
				CLANG_ENABLE_MODULES = YES;
				CLANG_ENABLE_OBJC_ARC = YES;
				CLANG_ENABLE_OBJC_WEAK = YES;
				CLANG_WARN_BLOCK_CAPTURE_AUTORELEASING = YES;
				CLANG_WARN_BOOL_CONVERSION = YES;
				CLANG_WARN_COMMA = YES;
				CLANG_WARN_CONSTANT_CONVERSION = YES;
				CLANG_WARN_DEPRECATED_OBJC_IMPLEMENTATIONS = YES;
				CLANG_WARN_DIRECT_OBJC_ISA_USAGE = YES_ERROR;
				CLANG_WARN_DOCUMENTATION_COMMENTS = YES;
				CLANG_WARN_EMPTY_BODY = YES;
				CLANG_WARN_ENUM_CONVERSION = YES;
				CLANG_WARN_INFINITE_RECURSION = YES;
				CLANG_WARN_INT_CONVERSION = YES;
				CLANG_WARN_NON_LITERAL_NULL_CONVERSION = YES;
				CLANG_WARN_OBJC_IMPLICIT_RETAIN_SELF = YES;
				CLANG_WARN_OBJC_LITERAL_CONVERSION = YES;
				CLANG_WARN_OBJC_ROOT_CLASS = YES_ERROR;
				CLANG_WARN_QUOTED_INCLUDE_IN_FRAMEWORK_HEADER = YES;
				CLANG_WARN_RANGE_LOOP_ANALYSIS = YES;
				CLANG_WARN_STRICT_PROTOTYPES = YES;
				CLANG_WARN_SUSPICIOUS_MOVE = YES;
				CLANG_WARN_UNGUARDED_AVAILABILITY = YES_AGGRESSIVE;
				CLANG_WARN_UNREACHABLE_CODE = YES;
				CLANG_WARN__DUPLICATE_METHOD_MATCH = YES;
				COPY_PHASE_STRIP = NO;
				DEBUG_INFORMATION_FORMAT = dwarf;
				ENABLE_STRICT_OBJC_MSGSEND = YES;
				ENABLE_TESTABILITY = YES;
				ENABLE_USER_SCRIPT_SANDBOXING = YES;
				GCC_C_LANGUAGE_STANDARD = gnu17;
				GCC_DYNAMIC_NO_PIC = NO;
				GCC_NO_COMMON_BLOCKS = YES;
				GCC_OPTIMIZATION_LEVEL = 0;
				GCC_PREPROCESSOR_DEFINITIONS = (
					"DEBUG=1",
					"$(inherited)",
				);
				GCC_WARN_64_TO_32_BIT_CONVERSION = YES;
				GCC_WARN_ABOUT_RETURN_TYPE = YES_ERROR;
				GCC_WARN_UNDECLARED_SELECTOR = YES;
				GCC_WARN_UNINITIALIZED_AUTOS = YES_AGGRESSIVE;
				GCC_WARN_UNUSED_FUNCTION = YES;
				GCC_WARN_UNUSED_VARIABLE = YES;
				IPHONEOS_DEPLOYMENT_TARGET = 18.2;
				LOCALIZATION_PREFERS_STRING_CATALOGS = YES;
				MTL_ENABLE_DEBUG_INFO = INCLUDE_SOURCE;
				MTL_FAST_MATH = YES;
				ONLY_ACTIVE_ARCH = YES;
				SDKROOT = iphoneos;
				SWIFT_ACTIVE_COMPILATION_CONDITIONS = "DEBUG $(inherited)";
				SWIFT_OPTIMIZATION_LEVEL = "-Onone";
			};
			name = Debug;
		};
		C2EEB46E2D4C039000696DD7 /* Release */ = {
			isa = XCBuildConfiguration;
			buildSettings = {
				ALWAYS_SEARCH_USER_PATHS = NO;
				ASSETCATALOG_COMPILER_GENERATE_SWIFT_ASSET_SYMBOL_EXTENSIONS = YES;
				CLANG_ANALYZER_NONNULL = YES;
				CLANG_ANALYZER_NUMBER_OBJECT_CONVERSION = YES_AGGRESSIVE;
				CLANG_CXX_LANGUAGE_STANDARD = "gnu++20";
				CLANG_ENABLE_MODULES = YES;
				CLANG_ENABLE_OBJC_ARC = YES;
				CLANG_ENABLE_OBJC_WEAK = YES;
				CLANG_WARN_BLOCK_CAPTURE_AUTORELEASING = YES;
				CLANG_WARN_BOOL_CONVERSION = YES;
				CLANG_WARN_COMMA = YES;
				CLANG_WARN_CONSTANT_CONVERSION = YES;
				CLANG_WARN_DEPRECATED_OBJC_IMPLEMENTATIONS = YES;
				CLANG_WARN_DIRECT_OBJC_ISA_USAGE = YES_ERROR;
				CLANG_WARN_DOCUMENTATION_COMMENTS = YES;
				CLANG_WARN_EMPTY_BODY = YES;
				CLANG_WARN_ENUM_CONVERSION = YES;
				CLANG_WARN_INFINITE_RECURSION = YES;
				CLANG_WARN_INT_CONVERSION = YES;
				CLANG_WARN_NON_LITERAL_NULL_CONVERSION = YES;
				CLANG_WARN_OBJC_IMPLICIT_RETAIN_SELF = YES;
				CLANG_WARN_OBJC_LITERAL_CONVERSION = YES;
				CLANG_WARN_OBJC_ROOT_CLASS = YES_ERROR;
				CLANG_WARN_QUOTED_INCLUDE_IN_FRAMEWORK_HEADER = YES;
				CLANG_WARN_RANGE_LOOP_ANALYSIS = YES;
				CLANG_WARN_STRICT_PROTOTYPES = YES;
				CLANG_WARN_SUSPICIOUS_MOVE = YES;
				CLANG_WARN_UNGUARDED_AVAILABILITY = YES_AGGRESSIVE;
				CLANG_WARN_UNREACHABLE_CODE = YES;
				CLANG_WARN__DUPLICATE_METHOD_MATCH = YES;
				COPY_PHASE_STRIP = NO;
				DEBUG_INFORMATION_FORMAT = "dwarf-with-dsym";
				ENABLE_NS_ASSERTIONS = NO;
				ENABLE_STRICT_OBJC_MSGSEND = YES;
				ENABLE_USER_SCRIPT_SANDBOXING = YES;
				GCC_C_LANGUAGE_STANDARD = gnu17;
				GCC_NO_COMMON_BLOCKS = YES;
				GCC_WARN_64_TO_32_BIT_CONVERSION = YES;
				GCC_WARN_ABOUT_RETURN_TYPE = YES_ERROR;
				GCC_WARN_UNDECLARED_SELECTOR = YES;
				GCC_WARN_UNINITIALIZED_AUTOS = YES_AGGRESSIVE;
				GCC_WARN_UNUSED_FUNCTION = YES;
				GCC_WARN_UNUSED_VARIABLE = YES;
				IPHONEOS_DEPLOYMENT_TARGET = 18.2;
				LOCALIZATION_PREFERS_STRING_CATALOGS = YES;
				MTL_ENABLE_DEBUG_INFO = NO;
				MTL_FAST_MATH = YES;
				SDKROOT = iphoneos;
				SWIFT_COMPILATION_MODE = wholemodule;
				VALIDATE_PRODUCT = YES;
			};
			name = Release;
		};
		C2EEB4702D4C039000696DD7 /* Debug */ = {
			isa = XCBuildConfiguration;
			buildSettings = {
				BUNDLE_LOADER = "$(TEST_HOST)";
				CODE_SIGN_STYLE = Automatic;
				CURRENT_PROJECT_VERSION = 1;
				GENERATE_INFOPLIST_FILE = YES;
				IPHONEOS_DEPLOYMENT_TARGET = 18.2;
				MARKETING_VERSION = 1.0;
				PRODUCT_BUNDLE_IDENTIFIER = br.com.sthaynny.BuzzTests;
				PRODUCT_NAME = "$(TARGET_NAME)";
				SWIFT_EMIT_LOC_STRINGS = NO;
				SWIFT_VERSION = 5.0;
				TARGETED_DEVICE_FAMILY = "1,2";
				TEST_HOST = "$(BUILT_PRODUCTS_DIR)/Buzz.app/$(BUNDLE_EXECUTABLE_FOLDER_PATH)/Buzz";
			};
			name = Debug;
		};
		C2EEB4712D4C039000696DD7 /* Release */ = {
			isa = XCBuildConfiguration;
			buildSettings = {
				BUNDLE_LOADER = "$(TEST_HOST)";
				CODE_SIGN_STYLE = Automatic;
				CURRENT_PROJECT_VERSION = 1;
				GENERATE_INFOPLIST_FILE = YES;
				IPHONEOS_DEPLOYMENT_TARGET = 18.2;
				MARKETING_VERSION = 1.0;
				PRODUCT_BUNDLE_IDENTIFIER = br.com.sthaynny.BuzzTests;
				PRODUCT_NAME = "$(TARGET_NAME)";
				SWIFT_EMIT_LOC_STRINGS = NO;
				SWIFT_VERSION = 5.0;
				TARGETED_DEVICE_FAMILY = "1,2";
				TEST_HOST = "$(BUILT_PRODUCTS_DIR)/Buzz.app/$(BUNDLE_EXECUTABLE_FOLDER_PATH)/Buzz";
			};
			name = Release;
		};
		C2EEB4732D4C039000696DD7 /* Debug */ = {
			isa = XCBuildConfiguration;
			buildSettings = {
				CODE_SIGN_STYLE = Automatic;
				CURRENT_PROJECT_VERSION = 1;
				GENERATE_INFOPLIST_FILE = YES;
				MARKETING_VERSION = 1.0;
				PRODUCT_BUNDLE_IDENTIFIER = br.com.sthaynny.BuzzUITests;
				PRODUCT_NAME = "$(TARGET_NAME)";
				SWIFT_EMIT_LOC_STRINGS = NO;
				SWIFT_VERSION = 5.0;
				TARGETED_DEVICE_FAMILY = "1,2";
				TEST_TARGET_NAME = Buzz;
			};
			name = Debug;
		};
		C2EEB4742D4C039000696DD7 /* Release */ = {
			isa = XCBuildConfiguration;
			buildSettings = {
				CODE_SIGN_STYLE = Automatic;
				CURRENT_PROJECT_VERSION = 1;
				GENERATE_INFOPLIST_FILE = YES;
				MARKETING_VERSION = 1.0;
				PRODUCT_BUNDLE_IDENTIFIER = br.com.sthaynny.BuzzUITests;
				PRODUCT_NAME = "$(TARGET_NAME)";
				SWIFT_EMIT_LOC_STRINGS = NO;
				SWIFT_VERSION = 5.0;
				TARGETED_DEVICE_FAMILY = "1,2";
				TEST_TARGET_NAME = Buzz;
			};
			name = Release;
		};
/* End XCBuildConfiguration section */

/* Begin XCConfigurationList section */
		C2EEB43C2D4C038B00696DD7 /* Build configuration list for PBXProject "Buzz" */ = {
			isa = XCConfigurationList;
			buildConfigurations = (
				C2EEB46D2D4C039000696DD7 /* Debug */,
				C2EEB46E2D4C039000696DD7 /* Release */,
			);
			defaultConfigurationIsVisible = 0;
			defaultConfigurationName = Release;
		};
		C2EEB46A2D4C039000696DD7 /* Build configuration list for PBXNativeTarget "Buzz" */ = {
			isa = XCConfigurationList;
			buildConfigurations = (
				C2EEB46B2D4C039000696DD7 /* Debug */,
				C2EEB46C2D4C039000696DD7 /* Release */,
			);
			defaultConfigurationIsVisible = 0;
			defaultConfigurationName = Release;
		};
		C2EEB46F2D4C039000696DD7 /* Build configuration list for PBXNativeTarget "BuzzTests" */ = {
			isa = XCConfigurationList;
			buildConfigurations = (
				C2EEB4702D4C039000696DD7 /* Debug */,
				C2EEB4712D4C039000696DD7 /* Release */,
			);
			defaultConfigurationIsVisible = 0;
			defaultConfigurationName = Release;
		};
		C2EEB4722D4C039000696DD7 /* Build configuration list for PBXNativeTarget "BuzzUITests" */ = {
			isa = XCConfigurationList;
			buildConfigurations = (
				C2EEB4732D4C039000696DD7 /* Debug */,
				C2EEB4742D4C039000696DD7 /* Release */,
			);
			defaultConfigurationIsVisible = 0;
			defaultConfigurationName = Release;
		};
/* End XCConfigurationList section */
	};
	rootObject = C2EEB4392D4C038B00696DD7 /* Project object */;
}
